<?xml version="1.0" encoding="utf-8"?>
<Project ToolsVersion="17.0" xmlns="http://schemas.microsoft.com/developer/msbuild/2003">
  <ItemGroup>
    <ClCompile Include="D:\Python ML\Extern\Metaverse Signage\ex\openface_source\OpenFace_Wrapper\lib\local\GazeAnalyser\src\GazeEstimation.cpp">
      <Filter>Source Files</Filter>
    </ClCompile>
  </ItemGroup>
  <ItemGroup>
    <ClInclude Include="D:\Python ML\Extern\Metaverse Signage\ex\openface_source\OpenFace_Wrapper\lib\local\GazeAnalyser\include\GazeEstimation.h">
      <Filter>Header Files</Filter>
    </ClInclude>
  </ItemGroup>
  <ItemGroup>
    <CustomBuild Include="D:\Python ML\Extern\Metaverse Signage\ex\openface_source\OpenFace_Wrapper\lib\local\GazeAnalyser\CMakeLists.txt" />
  </ItemGroup>
  <ItemGroup>
    <Filter Include="Header Files">
      <UniqueIdentifier>{AA2C33F7-BAAF-3BDC-88E6-70D82BF7C143}</UniqueIdentifier>
    </Filter>
    <Filter Include="Source Files">
      <UniqueIdentifier>{F25D796B-BDE5-34EE-ABBC-804D8EB98C91}</UniqueIdentifier>
    </Filter>
  </ItemGroup>
</Project>
